
Microsoft Visual Studio Solution File, Format Version 12.00
# Visual Studio Version 17
VisualStudioVersion = 17.3.32929.385
MinimumVisualStudioVersion = 10.0.40219.1
Project("{FAE04EC0-301F-11D3-BF4B-00C04F79EFBC}") = "health-calc-pack-dotnet", "health-calc-pack-dotnet\health-calc-pack-dotnet.csproj", "{1924BFE5-C4A6-4E48-A8E8-367F68279A94}"
EndProject
Project("{FAE04EC0-301F-11D3-BF4B-00C04F79EFBC}") = "healt-calc-test-xunit", "health-calc-pack-dotnet\healt-calc-test-xunit\healt-calc-test-xunit.csproj", "{018D743D-B6CE-47B3-A837-4FD25511BE20}"
EndProject
Global
	GlobalSection(SolutionConfigurationPlatforms) = preSolution
		Debug|Any CPU = Debug|Any CPU
		Release|Any CPU = Release|Any CPU
	EndGlobalSection
	GlobalSection(ProjectConfigurationPlatforms) = postSolution
		{1924BFE5-C4A6-4E48-A8E8-367F68279A94}.Debug|Any CPU.ActiveCfg = Debug|Any CPU
		{1924BFE5-C4A6-4E48-A8E8-367F68279A94}.Debug|Any CPU.Build.0 = Debug|Any CPU
		{1924BFE5-C4A6-4E48-A8E8-367F68279A94}.Release|Any CPU.ActiveCfg = Release|Any CPU
		{1924BFE5-C4A6-4E48-A8E8-367F68279A94}.Release|Any CPU.Build.0 = Release|Any CPU
		{018D743D-B6CE-47B3-A837-4FD25511BE20}.Debug|Any CPU.ActiveCfg = Debug|Any CPU
		{018D743D-B6CE-47B3-A837-4FD25511BE20}.Debug|Any CPU.Build.0 = Debug|Any CPU
		{018D743D-B6CE-47B3-A837-4FD25511BE20}.Release|Any CPU.ActiveCfg = Release|Any CPU
		{018D743D-B6CE-47B3-A837-4FD25511BE20}.Release|Any CPU.Build.0 = Release|Any CPU
	EndGlobalSection
	GlobalSection(SolutionProperties) = preSolution
		HideSolutionNode = FALSE
	EndGlobalSection
	GlobalSection(ExtensibilityGlobals) = postSolution
		SolutionGuid = {E876D868-A693-4655-A964-904FF0E8763A}
	EndGlobalSection
EndGlobal
